# @generated - this file is auto-generated by `mise lock` https://mise.jdx.dev/dev-tools/mise-lock.html

lockfile_version = 3

[[tools.pnpm]]
version = "10.34.6"
backend = "aqua:pnpm/pnpm"
specifiers = ["10.34.6"]

[tools.pnpm."platforms.linux-x64"]
checksum = "sha256:1bdfa04c3acbbf019befa4cf51f73f1de2729f4a513f737d1295905277f3b9cf"
url = "https://github.com/pnpm/pnpm/releases/download/v10.34.6/pnpm-linux-x64"
url_api = "https://api.github.com/repos/pnpm/pnpm/releases/assets/596100726"

[tools.pnpm."platforms.macos-arm64"]
checksum = "sha256:62f067df42ba26d3ffbe8b42b8c92a251eb3a69bfa32a8a3a98623a4958e8ca4"
url = "https://github.com/pnpm/pnpm/releases/download/v10.34.6/pnpm-macos-arm64"
url_api = "https://api.github.com/repos/pnpm/pnpm/releases/assets/596100724"

[tools.pnpm."platforms.macos-x64"]
checksum = "sha256:19f10bac54678ac70319031f7bbb653bb6ab2e8ed12264a0454f265bede8304b"
url = "https://github.com/pnpm/pnpm/releases/download/v10.34.6/pnpm-macos-x64"
url_api = "https://api.github.com/repos/pnpm/pnpm/releases/assets/596100727"
